
Microsoft Visual Studio Solution File, Format Version 12.00
# Visual Studio Version 17
VisualStudioVersion = 17.6.33829.357
MinimumVisualStudioVersion = 10.0.40219.1
Project("{9A19103F-16F7-4668-BE54-9A1E7A4F7556}") = "powerOfNumber", "powerOfNumber\powerOfNumber.csproj", "{8BF47324-7E94-464B-AA46-0B2F7C4EC7D2}"
EndProject
Project("{9A19103F-16F7-4668-BE54-9A1E7A4F7556}") = "multiplication", "multiplication\multiplication.csproj", "{23BD0585-6D61-4455-9C66-1EF256E30141}"
EndProject
Project("{9A19103F-16F7-4668-BE54-9A1E7A4F7556}") = "biggestNumber", "biggestNumber\biggestNumber.csproj", "{42E612CA-CB83-497A-98AF-9783CBE43042}"
EndProject
Project("{9A19103F-16F7-4668-BE54-9A1E7A4F7556}") = "vowel", "vowel\vowel.csproj", "{51F5B69A-40A2-4F75-B500-0137BC72B40E}"
EndProject
Project("{9A19103F-16F7-4668-BE54-9A1E7A4F7556}") = "division234", "division234\division234.csproj", "{18A87ED1-570F-427D-A94D-2B14E3D634B3}"
EndProject
Project("{9A19103F-16F7-4668-BE54-9A1E7A4F7556}") = "specialNumber", "specialNumber\specialNumber.csproj", "{F5E48670-40C8-4628-B515-6628B57498E2}"
EndProject
Project("{9A19103F-16F7-4668-BE54-9A1E7A4F7556}") = "specialBonus", "specialBonus\specialBonus.csproj", "{47618ED7-CA2B-409C-93C9-D9A6389F975E}"
EndProject
Project("{9A19103F-16F7-4668-BE54-9A1E7A4F7556}") = "accountBalance", "accountBalance\accountBalance.csproj", "{178A9BCE-E758-484A-BAE0-E78F668195A9}"
EndProject
Global
	GlobalSection(SolutionConfigurationPlatforms) = preSolution
		Debug|Any CPU = Debug|Any CPU
		Release|Any CPU = Release|Any CPU
	EndGlobalSection
	GlobalSection(ProjectConfigurationPlatforms) = postSolution
		{8BF47324-7E94-464B-AA46-0B2F7C4EC7D2}.Debug|Any CPU.ActiveCfg = Debug|Any CPU
		{8BF47324-7E94-464B-AA46-0B2F7C4EC7D2}.Debug|Any CPU.Build.0 = Debug|Any CPU
		{8BF47324-7E94-464B-AA46-0B2F7C4EC7D2}.Release|Any CPU.ActiveCfg = Release|Any CPU
		{8BF47324-7E94-464B-AA46-0B2F7C4EC7D2}.Release|Any CPU.Build.0 = Release|Any CPU
		{23BD0585-6D61-4455-9C66-1EF256E30141}.Debug|Any CPU.ActiveCfg = Debug|Any CPU
		{23BD0585-6D61-4455-9C66-1EF256E30141}.Debug|Any CPU.Build.0 = Debug|Any CPU
		{23BD0585-6D61-4455-9C66-1EF256E30141}.Release|Any CPU.ActiveCfg = Release|Any CPU
		{23BD0585-6D61-4455-9C66-1EF256E30141}.Release|Any CPU.Build.0 = Release|Any CPU
		{42E612CA-CB83-497A-98AF-9783CBE43042}.Debug|Any CPU.ActiveCfg = Debug|Any CPU
		{42E612CA-CB83-497A-98AF-9783CBE43042}.Debug|Any CPU.Build.0 = Debug|Any CPU
		{42E612CA-CB83-497A-98AF-9783CBE43042}.Release|Any CPU.ActiveCfg = Release|Any CPU
		{42E612CA-CB83-497A-98AF-9783CBE43042}.Release|Any CPU.Build.0 = Release|Any CPU
		{51F5B69A-40A2-4F75-B500-0137BC72B40E}.Debug|Any CPU.ActiveCfg = Debug|Any CPU
		{51F5B69A-40A2-4F75-B500-0137BC72B40E}.Debug|Any CPU.Build.0 = Debug|Any CPU
		{51F5B69A-40A2-4F75-B500-0137BC72B40E}.Release|Any CPU.ActiveCfg = Release|Any CPU
		{51F5B69A-40A2-4F75-B500-0137BC72B40E}.Release|Any CPU.Build.0 = Release|Any CPU
		{18A87ED1-570F-427D-A94D-2B14E3D634B3}.Debug|Any CPU.ActiveCfg = Debug|Any CPU
		{18A87ED1-570F-427D-A94D-2B14E3D634B3}.Debug|Any CPU.Build.0 = Debug|Any CPU
		{18A87ED1-570F-427D-A94D-2B14E3D634B3}.Release|Any CPU.ActiveCfg = Release|Any CPU
		{18A87ED1-570F-427D-A94D-2B14E3D634B3}.Release|Any CPU.Build.0 = Release|Any CPU
		{F5E48670-40C8-4628-B515-6628B57498E2}.Debug|Any CPU.ActiveCfg = Debug|Any CPU
		{F5E48670-40C8-4628-B515-6628B57498E2}.Debug|Any CPU.Build.0 = Debug|Any CPU
		{F5E48670-40C8-4628-B515-6628B57498E2}.Release|Any CPU.ActiveCfg = Release|Any CPU
		{F5E48670-40C8-4628-B515-6628B57498E2}.Release|Any CPU.Build.0 = Release|Any CPU
		{47618ED7-CA2B-409C-93C9-D9A6389F975E}.Debug|Any CPU.ActiveCfg = Debug|Any CPU
		{47618ED7-CA2B-409C-93C9-D9A6389F975E}.Debug|Any CPU.Build.0 = Debug|Any CPU
		{47618ED7-CA2B-409C-93C9-D9A6389F975E}.Release|Any CPU.ActiveCfg = Release|Any CPU
		{47618ED7-CA2B-409C-93C9-D9A6389F975E}.Release|Any CPU.Build.0 = Release|Any CPU
		{178A9BCE-E758-484A-BAE0-E78F668195A9}.Debug|Any CPU.ActiveCfg = Debug|Any CPU
		{178A9BCE-E758-484A-BAE0-E78F668195A9}.Debug|Any CPU.Build.0 = Debug|Any CPU
		{178A9BCE-E758-484A-BAE0-E78F668195A9}.Release|Any CPU.ActiveCfg = Release|Any CPU
		{178A9BCE-E758-484A-BAE0-E78F668195A9}.Release|Any CPU.Build.0 = Release|Any CPU
	EndGlobalSection
	GlobalSection(SolutionProperties) = preSolution
		HideSolutionNode = FALSE
	EndGlobalSection
	GlobalSection(ExtensibilityGlobals) = postSolution
		SolutionGuid = {75C9CF50-81C1-453C-B270-FB500E0BC8F4}
	EndGlobalSection
EndGlobal
